
Microsoft Visual Studio Solution File, Format Version 12.00
# Visual Studio 15
VisualStudioVersion = 15.0.28307.852
MinimumVisualStudioVersion = 10.0.40219.1
Project("{FAE04EC0-301F-11D3-BF4B-00C04F79EFBC}") = "WebApplication13", "WebApplication13\WebApplication13.csproj", "{681AC167-BF8E-4C49-8ECC-A0CB4C825828}"
EndProject
Global
	GlobalSection(SolutionConfigurationPlatforms) = preSolution
		Debug|Any CPU = Debug|Any CPU
		Release|Any CPU = Release|Any CPU
	EndGlobalSection
	GlobalSection(ProjectConfigurationPlatforms) = postSolution
		{681AC167-BF8E-4C49-8ECC-A0CB4C825828}.Debug|Any CPU.ActiveCfg = Debug|Any CPU
		{681AC167-BF8E-4C49-8ECC-A0CB4C825828}.Debug|Any CPU.Build.0 = Debug|Any CPU
		{681AC167-BF8E-4C49-8ECC-A0CB4C825828}.Release|Any CPU.ActiveCfg = Release|Any CPU
		{681AC167-BF8E-4C49-8ECC-A0CB4C825828}.Release|Any CPU.Build.0 = Release|Any CPU
	EndGlobalSection
	GlobalSection(SolutionProperties) = preSolution
		HideSolutionNode = FALSE
	EndGlobalSection
	GlobalSection(ExtensibilityGlobals) = postSolution
		SolutionGuid = {E2C99E4B-C508-43D0-9A88-80D886386DC3}
	EndGlobalSection
EndGlobal
